
Microsoft Visual Studio Solution File, Format Version 11.00
# Visual Basic Express 2010
Project("{F184B08F-C81C-45F6-A57F-5ABD9991F28F}") = "vbtest3", "vbtest3\vbtest3.vbproj", "{8BF77D04-698A-4DF6-A017-5791D5A6BD9E}"
EndProject
Project("{F184B08F-C81C-45F6-A57F-5ABD9991F28F}") = "Toc_Test", "hostGTpv\Toc_Test.vbproj", "{1AE11C39-6335-413B-99A3-D469E9D174C7}"
EndProject
Project("{F184B08F-C81C-45F6-A57F-5ABD9991F28F}") = "winApp4", "winApp4\winApp4.vbproj", "{418F8E1D-C93C-410B-B29B-6399766FD070}"
EndProject
Global
	GlobalSection(SolutionConfigurationPlatforms) = preSolution
		Debug|x86 = Debug|x86
		Release|x86 = Release|x86
	EndGlobalSection
	GlobalSection(ProjectConfigurationPlatforms) = postSolution
		{8BF77D04-698A-4DF6-A017-5791D5A6BD9E}.Debug|x86.ActiveCfg = Debug|x86
		{8BF77D04-698A-4DF6-A017-5791D5A6BD9E}.Debug|x86.Build.0 = Debug|x86
		{8BF77D04-698A-4DF6-A017-5791D5A6BD9E}.Release|x86.ActiveCfg = Release|x86
		{8BF77D04-698A-4DF6-A017-5791D5A6BD9E}.Release|x86.Build.0 = Release|x86
		{1AE11C39-6335-413B-99A3-D469E9D174C7}.Debug|x86.ActiveCfg = Debug|x86
		{1AE11C39-6335-413B-99A3-D469E9D174C7}.Debug|x86.Build.0 = Debug|x86
		{1AE11C39-6335-413B-99A3-D469E9D174C7}.Release|x86.ActiveCfg = Release|x86
		{1AE11C39-6335-413B-99A3-D469E9D174C7}.Release|x86.Build.0 = Release|x86
		{418F8E1D-C93C-410B-B29B-6399766FD070}.Debug|x86.ActiveCfg = Debug|x86
		{418F8E1D-C93C-410B-B29B-6399766FD070}.Debug|x86.Build.0 = Debug|x86
		{418F8E1D-C93C-410B-B29B-6399766FD070}.Release|x86.ActiveCfg = Release|x86
		{418F8E1D-C93C-410B-B29B-6399766FD070}.Release|x86.Build.0 = Release|x86
	EndGlobalSection
	GlobalSection(SolutionProperties) = preSolution
		HideSolutionNode = FALSE
	EndGlobalSection
EndGlobal
